
Microsoft Visual Studio Solution File, Format Version 12.00
# Visual Studio Version 16
VisualStudioVersion = 16.0.32630.194
MinimumVisualStudioVersion = 10.0.40219.1
Project("{FAE04EC0-301F-11D3-BF4B-00C04F79EFBC}") = "Friday13th", "Friday13th.csproj", "{4CBFBAE8-0E01-4922-BE83-33170E70E33F}"
EndProject
Global
	GlobalSection(SolutionConfigurationPlatforms) = preSolution
		Debug|Any CPU = Debug|Any CPU
		Release|Any CPU = Release|Any CPU
	EndGlobalSection
	GlobalSection(ProjectConfigurationPlatforms) = postSolution
		{4CBFBAE8-0E01-4922-BE83-33170E70E33F}.Debug|Any CPU.ActiveCfg = Debug|Any CPU
		{4CBFBAE8-0E01-4922-BE83-33170E70E33F}.Debug|Any CPU.Build.0 = Debug|Any CPU
		{4CBFBAE8-0E01-4922-BE83-33170E70E33F}.Release|Any CPU.ActiveCfg = Release|Any CPU
		{4CBFBAE8-0E01-4922-BE83-33170E70E33F}.Release|Any CPU.Build.0 = Release|Any CPU
	EndGlobalSection
	GlobalSection(SolutionProperties) = preSolution
		HideSolutionNode = FALSE
	EndGlobalSection
	GlobalSection(ExtensibilityGlobals) = postSolution
		SolutionGuid = {CD82A941-8FF3-4388-824C-E99831C239FD}
	EndGlobalSection
EndGlobal
