
Microsoft Visual Studio Solution File, Format Version 12.00
# Visual Studio Version 16
VisualStudioVersion = 16.0.32630.194
MinimumVisualStudioVersion = 10.0.40219.1
Project("{FAE04EC0-301F-11D3-BF4B-00C04F79EFBC}") = "sokkeskuffen", "sokkeskuffen.csproj", "{4407D57D-05C6-461F-91B9-FC1EDA2AC4D3}"
EndProject
Global
	GlobalSection(SolutionConfigurationPlatforms) = preSolution
		Debug|Any CPU = Debug|Any CPU
		Release|Any CPU = Release|Any CPU
	EndGlobalSection
	GlobalSection(ProjectConfigurationPlatforms) = postSolution
		{4407D57D-05C6-461F-91B9-FC1EDA2AC4D3}.Debug|Any CPU.ActiveCfg = Debug|Any CPU
		{4407D57D-05C6-461F-91B9-FC1EDA2AC4D3}.Debug|Any CPU.Build.0 = Debug|Any CPU
		{4407D57D-05C6-461F-91B9-FC1EDA2AC4D3}.Release|Any CPU.ActiveCfg = Release|Any CPU
		{4407D57D-05C6-461F-91B9-FC1EDA2AC4D3}.Release|Any CPU.Build.0 = Release|Any CPU
	EndGlobalSection
	GlobalSection(SolutionProperties) = preSolution
		HideSolutionNode = FALSE
	EndGlobalSection
	GlobalSection(ExtensibilityGlobals) = postSolution
		SolutionGuid = {91965B33-BF20-4CB9-8B1F-CE643B6BE6E6}
	EndGlobalSection
EndGlobal
